
Microsoft Visual Studio Solution File, Format Version 12.00
# Visual Studio Version 17
VisualStudioVersion = 17.5.002.0
MinimumVisualStudioVersion = 10.0.40219.1
Project("{9A19103F-16F7-4668-BE54-9A1E7A4F7556}") = "backend", "backend\backend.csproj", "{02C6C54A-763A-45FD-9386-027D283F89D9}"
EndProject
Project("{9A19103F-16F7-4668-BE54-9A1E7A4F7556}") = "frontend", "frontend\frontend.csproj", "{901B3D5E-CC4F-4070-BD0F-CC488B99BE37}"
EndProject
Project("{2150E333-8FDC-42A3-9474-1A3956D46DE8}") = "Solution Items", "Solution Items", "{537CC4FF-A8D5-48EA-ABB9-24BBC2477700}"
	ProjectSection(SolutionItems) = preProject
		.editorconfig = .editorconfig
	EndProjectSection
EndProject
Global
	GlobalSection(SolutionConfigurationPlatforms) = preSolution
		Debug|Any CPU = Debug|Any CPU
		Release|Any CPU = Release|Any CPU
	EndGlobalSection
	GlobalSection(ProjectConfigurationPlatforms) = postSolution
		{02C6C54A-763A-45FD-9386-027D283F89D9}.Debug|Any CPU.ActiveCfg = Debug|Any CPU
		{02C6C54A-763A-45FD-9386-027D283F89D9}.Debug|Any CPU.Build.0 = Debug|Any CPU
		{02C6C54A-763A-45FD-9386-027D283F89D9}.Release|Any CPU.ActiveCfg = Release|Any CPU
		{02C6C54A-763A-45FD-9386-027D283F89D9}.Release|Any CPU.Build.0 = Release|Any CPU
		{901B3D5E-CC4F-4070-BD0F-CC488B99BE37}.Debug|Any CPU.ActiveCfg = Debug|Any CPU
		{901B3D5E-CC4F-4070-BD0F-CC488B99BE37}.Debug|Any CPU.Build.0 = Debug|Any CPU
		{901B3D5E-CC4F-4070-BD0F-CC488B99BE37}.Release|Any CPU.ActiveCfg = Release|Any CPU
		{901B3D5E-CC4F-4070-BD0F-CC488B99BE37}.Release|Any CPU.Build.0 = Release|Any CPU
	EndGlobalSection
	GlobalSection(SolutionProperties) = preSolution
		HideSolutionNode = FALSE
	EndGlobalSection
	GlobalSection(ExtensibilityGlobals) = postSolution
		SolutionGuid = {94839191-BC8C-4190-8319-7505FFF95068}
	EndGlobalSection
EndGlobal
